Microsoft Visual Studio Solution File, Format Version 12.00
# Visual Studio Version 17
VisualStudioVersion = 17.5.2.0
MinimumVisualStudioVersion = 10.0.40219.1
Project("{2150E333-8FDC-42A3-9474-1A3956D46DE8}") = "apps", "apps", "{1787FE1D-075E-9E68-7218-25F1BD1BBEAB}"
EndProject
Project("{FAE04EC0-301F-11D3-BF4B-00C04F79EFBC}") = "Tpqi.DotnetApp", "apps\dotnet-app\Tpqi.DotnetApp.csproj", "{299EB6DB-A71B-3F4B-D3D6-CC2F728FFC9C}"
EndProject
Global
	GlobalSection(SolutionConfigurationPlatforms) = preSolution
		Debug|Any CPU = Debug|Any CPU
		Release|Any CPU = Release|Any CPU
	EndGlobalSection
	GlobalSection(ProjectConfigurationPlatforms) = postSolution
		{299EB6DB-A71B-3F4B-D3D6-CC2F728FFC9C}.Debug|Any CPU.ActiveCfg = Debug|Any CPU
		{299EB6DB-A71B-3F4B-D3D6-CC2F728FFC9C}.Debug|Any CPU.Build.0 = Debug|Any CPU
		{299EB6DB-A71B-3F4B-D3D6-CC2F728FFC9C}.Release|Any CPU.ActiveCfg = Release|Any CPU
		{299EB6DB-A71B-3F4B-D3D6-CC2F728FFC9C}.Release|Any CPU.Build.0 = Release|Any CPU
	EndGlobalSection
	GlobalSection(SolutionProperties) = preSolution
		HideSolutionNode = FALSE
	EndGlobalSection
	GlobalSection(NestedProjects) = preSolution
		{299EB6DB-A71B-3F4B-D3D6-CC2F728FFC9C} = {1787FE1D-075E-9E68-7218-25F1BD1BBEAB}
	EndGlobalSection
	GlobalSection(ExtensibilityGlobals) = postSolution
		SolutionGuid = {F324D2D8-0173-436E-BCCB-A17E54F0241D}
	EndGlobalSection
EndGlobal
